
Microsoft Visual Studio Solution File, Format Version 12.00
# Visual Studio 15
VisualStudioVersion = 15.0.26730.16
MinimumVisualStudioVersion = 10.0.40219.1
Project("{2150E333-8FDC-42A3-9474-1A3956D46DE8}") = "Data", "Data", "{09BEE5BD-2AFB-4A46-B864-EE91981F568D}"
EndProject
Project("{2150E333-8FDC-42A3-9474-1A3956D46DE8}") = "Web", "Web", "{D2C91CBC-F88E-4235-A7AA-4B8301CC1738}"
EndProject
Project("{9A19103F-16F7-4668-BE54-9A1E7A4F7556}") = "MAD.Chinook.WebApi", "MAD.Chinook.WebApi\MAD.Chinook.WebApi.csproj", "{4EA86A71-2F13-42A4-A50B-5AAD7927146E}"
EndProject
Project("{FAE04EC0-301F-11D3-BF4B-00C04F79EFBC}") = "MAD.Chinook.Models", "MAD.Chinook.Models\MAD.Chinook.Models.csproj", "{D02C751F-FB20-40BA-8F31-33DAA23DA49B}"
EndProject
Project("{FAE04EC0-301F-11D3-BF4B-00C04F79EFBC}") = "MAD.Chinook.Repositories", "MAD.Chinook.Repositories\MAD.Chinook.Repositories.csproj", "{BD22161D-5236-4F76-BB76-9BCA44B26BED}"
EndProject
Project("{FAE04EC0-301F-11D3-BF4B-00C04F79EFBC}") = "MAD.Chinook.Repositories.Dapper", "MAD.Chinook.Repositories.Dapper\MAD.Chinook.Repositories.Dapper.csproj", "{30378516-D9AB-44B8-87BB-1F1AAA672CC6}"
EndProject
Project("{FAE04EC0-301F-11D3-BF4B-00C04F79EFBC}") = "MAD.Chinook.UnitOfWork", "MAD.Chinook.UnitOfWork\MAD.Chinook.UnitOfWork.csproj", "{AB292729-D3FD-419D-A9A8-EB8CA59BAFE7}"
EndProject
Global
	GlobalSection(SolutionConfigurationPlatforms) = preSolution
		Debug|Any CPU = Debug|Any CPU
		Release|Any CPU = Release|Any CPU
	EndGlobalSection
	GlobalSection(ProjectConfigurationPlatforms) = postSolution
		{4EA86A71-2F13-42A4-A50B-5AAD7927146E}.Debug|Any CPU.ActiveCfg = Debug|Any CPU
		{4EA86A71-2F13-42A4-A50B-5AAD7927146E}.Debug|Any CPU.Build.0 = Debug|Any CPU
		{4EA86A71-2F13-42A4-A50B-5AAD7927146E}.Release|Any CPU.ActiveCfg = Release|Any CPU
		{4EA86A71-2F13-42A4-A50B-5AAD7927146E}.Release|Any CPU.Build.0 = Release|Any CPU
		{D02C751F-FB20-40BA-8F31-33DAA23DA49B}.Debug|Any CPU.ActiveCfg = Debug|Any CPU
		{D02C751F-FB20-40BA-8F31-33DAA23DA49B}.Debug|Any CPU.Build.0 = Debug|Any CPU
		{D02C751F-FB20-40BA-8F31-33DAA23DA49B}.Release|Any CPU.ActiveCfg = Release|Any CPU
		{D02C751F-FB20-40BA-8F31-33DAA23DA49B}.Release|Any CPU.Build.0 = Release|Any CPU
		{BD22161D-5236-4F76-BB76-9BCA44B26BED}.Debug|Any CPU.ActiveCfg = Debug|Any CPU
		{BD22161D-5236-4F76-BB76-9BCA44B26BED}.Debug|Any CPU.Build.0 = Debug|Any CPU
		{BD22161D-5236-4F76-BB76-9BCA44B26BED}.Release|Any CPU.ActiveCfg = Release|Any CPU
		{BD22161D-5236-4F76-BB76-9BCA44B26BED}.Release|Any CPU.Build.0 = Release|Any CPU
		{30378516-D9AB-44B8-87BB-1F1AAA672CC6}.Debug|Any CPU.ActiveCfg = Debug|Any CPU
		{30378516-D9AB-44B8-87BB-1F1AAA672CC6}.Debug|Any CPU.Build.0 = Debug|Any CPU
		{30378516-D9AB-44B8-87BB-1F1AAA672CC6}.Release|Any CPU.ActiveCfg = Release|Any CPU
		{30378516-D9AB-44B8-87BB-1F1AAA672CC6}.Release|Any CPU.Build.0 = Release|Any CPU
		{AB292729-D3FD-419D-A9A8-EB8CA59BAFE7}.Debug|Any CPU.ActiveCfg = Debug|Any CPU
		{AB292729-D3FD-419D-A9A8-EB8CA59BAFE7}.Debug|Any CPU.Build.0 = Debug|Any CPU
		{AB292729-D3FD-419D-A9A8-EB8CA59BAFE7}.Release|Any CPU.ActiveCfg = Release|Any CPU
		{AB292729-D3FD-419D-A9A8-EB8CA59BAFE7}.Release|Any CPU.Build.0 = Release|Any CPU
	EndGlobalSection
	GlobalSection(SolutionProperties) = preSolution
		HideSolutionNode = FALSE
	EndGlobalSection
	GlobalSection(NestedProjects) = preSolution
		{4EA86A71-2F13-42A4-A50B-5AAD7927146E} = {D2C91CBC-F88E-4235-A7AA-4B8301CC1738}
		{D02C751F-FB20-40BA-8F31-33DAA23DA49B} = {09BEE5BD-2AFB-4A46-B864-EE91981F568D}
		{BD22161D-5236-4F76-BB76-9BCA44B26BED} = {09BEE5BD-2AFB-4A46-B864-EE91981F568D}
		{30378516-D9AB-44B8-87BB-1F1AAA672CC6} = {09BEE5BD-2AFB-4A46-B864-EE91981F568D}
		{AB292729-D3FD-419D-A9A8-EB8CA59BAFE7} = {09BEE5BD-2AFB-4A46-B864-EE91981F568D}
	EndGlobalSection
	GlobalSection(ExtensibilityGlobals) = postSolution
		SolutionGuid = {7CAA4C0B-2F6E-49AF-9621-B30DF1A8AF8C}
	EndGlobalSection
EndGlobal
